// !$*UTF8*$!
{
	archiveVersion = 1;
	classes = {
	};
	objectVersion = 38;
	objects = {
		0190A4B5FF67326911CA0C5D = {
			isa = PBXExecutableFileReference;
			path = StringExample;
			refType = 3;
		};
		01D4F801FFB7A87211CA0CA4 = {
			buildRules = (
			);
			buildSettings = {
				COPY_PHASE_STRIP = NO;
				OPTIMIZATION_CFLAGS = "-O0";
			};
			isa = PBXBuildStyle;
			name = Development;
		};
		01D4F802FFB7A87211CA0CA4 = {
			buildRules = (
			);
			buildSettings = {
				COPY_PHASE_STRIP = YES;
			};
			isa = PBXBuildStyle;
			name = Deployment;
		};
//010
//011
//012
//013
//014
//040
//041
//042
//043
//044
		048576EAFEEDB20111CA0C5D = {
			buildStyles = (
				01D4F801FFB7A87211CA0CA4,
				01D4F802FFB7A87211CA0CA4,
			);
			isa = PBXProject;
			mainGroup = 048576EBFEEDB20111CA0C5D;
			productRefGroup = 048576ECFEEDB20111CA0C5D;
			projectDirPath = "";
			targets = (
				048576F7FEEDB20111CA0C5D,
			);
		};
		048576EBFEEDB20111CA0C5D = {
			children = (
				048576EFFEEDB20111CA0C5D,
				048576ECFEEDB20111CA0C5D,
				048576F0FEEDB20111CA0C5D,
				048576F5FEEDB20111CA0C5D,
			);
			isa = PBXGroup;
			name = StringExample;
			refType = 4;
		};
		048576ECFEEDB20111CA0C5D = {
			children = (
				0190A4B5FF67326911CA0C5D,
			);
			isa = PBXGroup;
			name = Products;
			refType = 4;
		};
		048576EFFEEDB20111CA0C5D = {
			isa = PBXFileReference;
			path = StringExample.c;
			refType = 4;
		};
		048576F0FEEDB20111CA0C5D = {
			children = (
			);
			isa = PBXGroup;
			name = "Supporting Files";
			refType = 4;
		};
		048576F5FEEDB20111CA0C5D = {
			children = (
				048576F6FEEDB20111CA0C5D,
			);
			isa = PBXGroup;
			name = "External Frameworks and Libraries";
			refType = 4;
		};
		048576F6FEEDB20111CA0C5D = {
			isa = PBXFrameworkReference;
			name = CoreFoundation.framework;
			path = /System/Library/Frameworks/CoreFoundation.framework;
			refType = 0;
		};
		048576F7FEEDB20111CA0C5D = {
			buildPhases = (
				048576F8FEEDB20111CA0C5D,
				048576F9FEEDB20111CA0C5D,
				048576FBFEEDB20111CA0C5D,
				048576FDFEEDB20111CA0C5D,
			);
			buildSettings = {
				FRAMEWORK_SEARCH_PATHS = "";
				HEADER_SEARCH_PATHS = "";
				INSTALL_PATH = "$(LOCAL_DEVELOPER_DIR)/Demos";
				LIBRARY_SEARCH_PATHS = "";
				OTHER_CFLAGS = "";
				OTHER_LDFLAGS = "";
				OTHER_REZFLAGS = "";
				PRODUCT_NAME = StringExample;
				REZ_EXECUTABLE = YES;
				SECTORDER_FLAGS = "";
				WARNING_CFLAGS = "-Wmost -Wno-four-char-constants -Wno-unknown-pragmas";
			};
			dependencies = (
			);
			isa = PBXToolTarget;
			name = StringExample;
			productInstallPath = "$(LOCAL_DEVELOPER_DIR)/Demos";
			productName = StringExample;
			productReference = 0190A4B5FF67326911CA0C5D;
			shouldUseHeadermap = 0;
		};
		048576F8FEEDB20111CA0C5D = {
			buildActionMask = 2147483647;
			files = (
			);
			isa = PBXHeadersBuildPhase;
		};
		048576F9FEEDB20111CA0C5D = {
			buildActionMask = 2147483647;
			files = (
				048576FAFEEDB20111CA0C5D,
			);
			isa = PBXSourcesBuildPhase;
		};
		048576FAFEEDB20111CA0C5D = {
			fileRef = 048576EFFEEDB20111CA0C5D;
			isa = PBXBuildFile;
			settings = {
				ATTRIBUTES = (
				);
			};
		};
		048576FBFEEDB20111CA0C5D = {
			buildActionMask = 2147483647;
			files = (
				048576FCFEEDB20111CA0C5D,
			);
			isa = PBXFrameworksBuildPhase;
		};
		048576FCFEEDB20111CA0C5D = {
			fileRef = 048576F6FEEDB20111CA0C5D;
			isa = PBXBuildFile;
			settings = {
			};
		};
		048576FDFEEDB20111CA0C5D = {
			buildActionMask = 2147483647;
			files = (
			);
			isa = PBXRezBuildPhase;
		};
	};
	rootObject = 048576EAFEEDB20111CA0C5D;
}
